// !$*UTF8*$!
{
	archiveVersion = 1;
	classes = {
	};
	objectVersion = 46;
	objects = {

/* Begin PBXBuildFile section */
		9666FC6A1B2A032F005215D4 /* main.m in Sources */ = {isa = PBXBuildFile; fileRef = 9666FC691B2A032F005215D4 /* main.m */; };
		9666FC6D1B2A032F005215D4 /* AppDelegate.m in Sources */ = {isa = PBXBuildFile; fileRef = 9666FC6C1B2A032F005215D4 /* AppDelegate.m */; };
		9666FC701B2A032F005215D4 /* ViewController.m in Sources */ = {isa = PBXBuildFile; fileRef = 9666FC6F1B2A032F005215D4 /* ViewController.m */; };
		9666FC731B2A032F005215D4 /* Main.storyboard in Resources */ = {isa = PBXBuildFile; fileRef = 9666FC711B2A032F005215D4 /* Main.storyboard */; };
		9666FC751B2A032F005215D4 /* Images.xcassets in Resources */ = {isa = PBXBuildFile; fileRef = 9666FC741B2A032F005215D4 /* Images.xcassets */; };
		9666FC781B2A032F005215D4 /* LaunchScreen.xib in Resources */ = {isa = PBXBuildFile; fileRef = 9666FC761B2A032F005215D4 /* LaunchScreen.xib */; };
		9666FC841B2A032F005215D4 /* Zooming_IconsTests.m in Sources */ = {isa = PBXBuildFile; fileRef = 9666FC831B2A032F005215D4 /* Zooming_IconsTests.m */; };
		9666FC8F1B2A03F0005215D4 /* MenuViewController.m in Sources */ = {isa = PBXBuildFile; fileRef = 9666FC8E1B2A03F0005215D4 /* MenuViewController.m */; };
		9666FC921B2A30FB005215D4 /* MenuFlowLayout.m in Sources */ = {isa = PBXBuildFile; fileRef = 9666FC911B2A30FB005215D4 /* MenuFlowLayout.m */; };
		9666FC951B2A3F67005215D4 /* SocialItemViewCell.m in Sources */ = {isa = PBXBuildFile; fileRef = 9666FC941B2A3F67005215D4 /* SocialItemViewCell.m */; };
		9666FC981B2A45E0005215D4 /* SocialItem.m in Sources */ = {isa = PBXBuildFile; fileRef = 9666FC971B2A45E0005215D4 /* SocialItem.m */; };
/* End PBXBuildFile section */

/* Begin PBXContainerItemProxy section */
		9666FC7E1B2A032F005215D4 /* PBXContainerItemProxy */ = {
			isa = PBXContainerItemProxy;
			containerPortal = 9666FC5C1B2A032F005215D4 /* Project object */;
			proxyType = 1;
			remoteGlobalIDString = 9666FC631B2A032F005215D4;
			remoteInfo = "Zooming Icons";
		};
/* End PBXContainerItemProxy section */

/* Begin PBXFileReference section */
		9666FC641B2A032F005215D4 /* Zooming Icons.app */ = {isa = PBXFileReference; explicitFileType = wrapper.application; includeInIndex = 0; path = "Zooming Icons.app"; sourceTree = BUILT_PRODUCTS_DIR; };
		9666FC681B2A032F005215D4 /* Info.plist */ = {isa = PBXFileReference; lastKnownFileType = text.plist.xml; path = Info.plist; sourceTree = "<group>"; };
		9666FC691B2A032F005215D4 /* main.m */ = {isa = PBXFileReference; lastKnownFileType = sourcecode.c.objc; path = main.m; sourceTree = "<group>"; };
		9666FC6B1B2A032F005215D4 /* AppDelegate.h */ = {isa = PBXFileReference; lastKnownFileType = sourcecode.c.h; path = AppDelegate.h; sourceTree = "<group>"; };
		9666FC6C1B2A032F005215D4 /* AppDelegate.m */ = {isa = PBXFileReference; lastKnownFileType = sourcecode.c.objc; path = AppDelegate.m; sourceTree = "<group>"; };
		9666FC6E1B2A032F005215D4 /* ViewController.h */ = {isa = PBXFileReference; lastKnownFileType = sourcecode.c.h; path = ViewController.h; sourceTree = "<group>"; };
		9666FC6F1B2A032F005215D4 /* ViewController.m */ = {isa = PBXFileReference; lastKnownFileType = sourcecode.c.objc; path = ViewController.m; sourceTree = "<group>"; };
		9666FC721B2A032F005215D4 /* Base */ = {isa = PBXFileReference; lastKnownFileType = file.storyboard; name = Base; path = Base.lproj/Main.storyboard; sourceTree = "<group>"; };
		9666FC741B2A032F005215D4 /* Images.xcassets */ = {isa = PBXFileReference; lastKnownFileType = folder.assetcatalog; path = Images.xcassets; sourceTree = "<group>"; };
		9666FC771B2A032F005215D4 /* Base */ = {isa = PBXFileReference; lastKnownFileType = file.xib; name = Base; path = Base.lproj/LaunchScreen.xib; sourceTree = "<group>"; };
		9666FC7D1B2A032F005215D4 /* Zooming IconsTests.xctest */ = {isa = PBXFileReference; explicitFileType = wrapper.cfbundle; includeInIndex = 0; path = "Zooming IconsTests.xctest"; sourceTree = BUILT_PRODUCTS_DIR; };
		9666FC821B2A032F005215D4 /* Info.plist */ = {isa = PBXFileReference; lastKnownFileType = text.plist.xml; path = Info.plist; sourceTree = "<group>"; };
		9666FC831B2A032F005215D4 /* Zooming_IconsTests.m */ = {isa = PBXFileReference; lastKnownFileType = sourcecode.c.objc; path = Zooming_IconsTests.m; sourceTree = "<group>"; };
		9666FC8D1B2A03F0005215D4 /* MenuViewController.h */ = {isa = PBXFileReference; fileEncoding = 4; lastKnownFileType = sourcecode.c.h; path = MenuViewController.h; sourceTree = "<group>"; };
		9666FC8E1B2A03F0005215D4 /* MenuViewController.m */ = {isa = PBXFileReference; fileEncoding = 4; lastKnownFileType = sourcecode.c.objc; path = MenuViewController.m; sourceTree = "<group>"; };
		9666FC901B2A30FB005215D4 /* MenuFlowLayout.h */ = {isa = PBXFileReference; fileEncoding = 4; lastKnownFileType = sourcecode.c.h; path = MenuFlowLayout.h; sourceTree = "<group>"; };
		9666FC911B2A30FB005215D4 /* MenuFlowLayout.m */ = {isa = PBXFileReference; fileEncoding = 4; lastKnownFileType = sourcecode.c.objc; path = MenuFlowLayout.m; sourceTree = "<group>"; };
		9666FC931B2A3F67005215D4 /* SocialItemViewCell.h */ = {isa = PBXFileReference; fileEncoding = 4; lastKnownFileType = sourcecode.c.h; path = SocialItemViewCell.h; sourceTree = "<group>"; };
		9666FC941B2A3F67005215D4 /* SocialItemViewCell.m */ = {isa = PBXFileReference; fileEncoding = 4; lastKnownFileType = sourcecode.c.objc; path = SocialItemViewCell.m; sourceTree = "<group>"; };
		9666FC961B2A45E0005215D4 /* SocialItem.h */ = {isa = PBXFileReference; fileEncoding = 4; lastKnownFileType = sourcecode.c.h; path = SocialItem.h; sourceTree = "<group>"; };
		9666FC971B2A45E0005215D4 /* SocialItem.m */ = {isa = PBXFileReference; fileEncoding = 4; lastKnownFileType = sourcecode.c.objc; path = SocialItem.m; sourceTree = "<group>"; };
/* End PBXFileReference section */

/* Begin PBXFrameworksBuildPhase section */
		9666FC611B2A032F005215D4 /* Frameworks */ = {
			isa = PBXFrameworksBuildPhase;
			buildActionMask = 2147483647;
			files = (
			);
			runOnlyForDeploymentPostprocessing = 0;
		};
		9666FC7A1B2A032F005215D4 /* Frameworks */ = {
			isa = PBXFrameworksBuildPhase;
			buildActionMask = 2147483647;
			files = (
			);
			runOnlyForDeploymentPostprocessing = 0;
		};
/* End PBXFrameworksBuildPhase section */

/* Begin PBXGroup section */
		9666FC5B1B2A032F005215D4 = {
			isa = PBXGroup;
			children = (
				9666FC661B2A032F005215D4 /* Zooming Icons */,
				9666FC801B2A032F005215D4 /* Zooming IconsTests */,
				9666FC651B2A032F005215D4 /* Products */,
			);
			sourceTree = "<group>";
		};
		9666FC651B2A032F005215D4 /* Products */ = {
			isa = PBXGroup;
			children = (
				9666FC641B2A032F005215D4 /* Zooming Icons.app */,
				9666FC7D1B2A032F005215D4 /* Zooming IconsTests.xctest */,
			);
			name = Products;
			sourceTree = "<group>";
		};
		9666FC661B2A032F005215D4 /* Zooming Icons */ = {
			isa = PBXGroup;
			children = (
				9666FC6B1B2A032F005215D4 /* AppDelegate.h */,
				9666FC6C1B2A032F005215D4 /* AppDelegate.m */,
				9666FC6E1B2A032F005215D4 /* ViewController.h */,
				9666FC6F1B2A032F005215D4 /* ViewController.m */,
				9666FC8D1B2A03F0005215D4 /* MenuViewController.h */,
				9666FC8E1B2A03F0005215D4 /* MenuViewController.m */,
				9666FC901B2A30FB005215D4 /* MenuFlowLayout.h */,
				9666FC911B2A30FB005215D4 /* MenuFlowLayout.m */,
				9666FC931B2A3F67005215D4 /* SocialItemViewCell.h */,
				9666FC941B2A3F67005215D4 /* SocialItemViewCell.m */,
				9666FC961B2A45E0005215D4 /* SocialItem.h */,
				9666FC971B2A45E0005215D4 /* SocialItem.m */,
				9666FC711B2A032F005215D4 /* Main.storyboard */,
				9666FC741B2A032F005215D4 /* Images.xcassets */,
				9666FC761B2A032F005215D4 /* LaunchScreen.xib */,
				9666FC671B2A032F005215D4 /* Supporting Files */,
			);
			path = "Zooming Icons";
			sourceTree = "<group>";
		};
		9666FC671B2A032F005215D4 /* Supporting Files */ = {
			isa = PBXGroup;
			children = (
				9666FC681B2A032F005215D4 /* Info.plist */,
				9666FC691B2A032F005215D4 /* main.m */,
			);
			name = "Supporting Files";
			sourceTree = "<group>";
		};
		9666FC801B2A032F005215D4 /* Zooming IconsTests */ = {
			isa = PBXGroup;
			children = (
				9666FC831B2A032F005215D4 /* Zooming_IconsTests.m */,
				9666FC811B2A032F005215D4 /* Supporting Files */,
			);
			path = "Zooming IconsTests";
			sourceTree = "<group>";
		};
		9666FC811B2A032F005215D4 /* Supporting Files */ = {
			isa = PBXGroup;
			children = (
				9666FC821B2A032F005215D4 /* Info.plist */,
			);
			name = "Supporting Files";
			sourceTree = "<group>";
		};
/* End PBXGroup section */

/* Begin PBXNativeTarget section */
		9666FC631B2A032F005215D4 /* Zooming Icons */ = {
			isa = PBXNativeTarget;
			buildConfigurationList = 9666FC871B2A032F005215D4 /* Build configuration list for PBXNativeTarget "Zooming Icons" */;
			buildPhases = (
				9666FC601B2A032F005215D4 /* Sources */,
				9666FC611B2A032F005215D4 /* Frameworks */,
				9666FC621B2A032F005215D4 /* Resources */,
			);
			buildRules = (
			);
			dependencies = (
			);
			name = "Zooming Icons";
			productName = "Zooming Icons";
			productReference = 9666FC641B2A032F005215D4 /* Zooming Icons.app */;
			productType = "com.apple.product-type.application";
		};
		9666FC7C1B2A032F005215D4 /* Zooming IconsTests */ = {
			isa = PBXNativeTarget;
			buildConfigurationList = 9666FC8A1B2A032F005215D4 /* Build configuration list for PBXNativeTarget "Zooming IconsTests" */;
			buildPhases = (
				9666FC791B2A032F005215D4 /* Sources */,
				9666FC7A1B2A032F005215D4 /* Frameworks */,
				9666FC7B1B2A032F005215D4 /* Resources */,
			);
			buildRules = (
			);
			dependencies = (
				9666FC7F1B2A032F005215D4 /* PBXTargetDependency */,
			);
			name = "Zooming IconsTests";
			productName = "Zooming IconsTests";
			productReference = 9666FC7D1B2A032F005215D4 /* Zooming IconsTests.xctest */;
			productType = "com.apple.product-type.bundle.unit-test";
		};
/* End PBXNativeTarget section */

/* Begin PBXProject section */
		9666FC5C1B2A032F005215D4 /* Project object */ = {
			isa = PBXProject;
			attributes = {
				LastUpgradeCheck = 0630;
				ORGANIZATIONNAME = "Ian Tsai";
				TargetAttributes = {
					9666FC631B2A032F005215D4 = {
						CreatedOnToolsVersion = 6.3.2;
					};
					9666FC7C1B2A032F005215D4 = {
						CreatedOnToolsVersion = 6.3.2;
						TestTargetID = 9666FC631B2A032F005215D4;
					};
				};
			};
			buildConfigurationList = 9666FC5F1B2A032F005215D4 /* Build configuration list for PBXProject "Zooming Icons" */;
			compatibilityVersion = "Xcode 3.2";
			developmentRegion = English;
			hasScannedForEncodings = 0;
			knownRegions = (
				en,
				Base,
			);
			mainGroup = 9666FC5B1B2A032F005215D4;
			productRefGroup = 9666FC651B2A032F005215D4 /* Products */;
			projectDirPath = "";
			projectRoot = "";
			targets = (
				9666FC631B2A032F005215D4 /* Zooming Icons */,
				9666FC7C1B2A032F005215D4 /* Zooming IconsTests */,
			);
		};
/* End PBXProject section */

/* Begin PBXResourcesBuildPhase section */
		9666FC621B2A032F005215D4 /* Resources */ = {
			isa = PBXResourcesBuildPhase;
			buildActionMask = 2147483647;
			files = (
				9666FC731B2A032F005215D4 /* Main.storyboard in Resources */,
				9666FC781B2A032F005215D4 /* LaunchScreen.xib in Resources */,
				9666FC751B2A032F005215D4 /* Images.xcassets in Resources */,
			);
			runOnlyForDeploymentPostprocessing = 0;
		};
		9666FC7B1B2A032F005215D4 /* Resources */ = {
			isa = PBXResourcesBuildPhase;
			buildActionMask = 2147483647;
			files = (
			);
			runOnlyForDeploymentPostprocessing = 0;
		};
/* End PBXResourcesBuildPhase section */

/* Begin PBXSourcesBuildPhase section */
		9666FC601B2A032F005215D4 /* Sources */ = {
			isa = PBXSourcesBuildPhase;
			buildActionMask = 2147483647;
			files = (
				9666FC951B2A3F67005215D4 /* SocialItemViewCell.m in Sources */,
				9666FC701B2A032F005215D4 /* ViewController.m in Sources */,
				9666FC6D1B2A032F005215D4 /* AppDelegate.m in Sources */,
				9666FC6A1B2A032F005215D4 /* main.m in Sources */,
				9666FC8F1B2A03F0005215D4 /* MenuViewController.m in Sources */,
				9666FC981B2A45E0005215D4 /* SocialItem.m in Sources */,
				9666FC921B2A30FB005215D4 /* MenuFlowLayout.m in Sources */,
			);
			runOnlyForDeploymentPostprocessing = 0;
		};
		9666FC791B2A032F005215D4 /* Sources */ = {
			isa = PBXSourcesBuildPhase;
			buildActionMask = 2147483647;
			files = (
				9666FC841B2A032F005215D4 /* Zooming_IconsTests.m in Sources */,
			);
			runOnlyForDeploymentPostprocessing = 0;
		};
/* End PBXSourcesBuildPhase section */

/* Begin PBXTargetDependency section */
		9666FC7F1B2A032F005215D4 /* PBXTargetDependency */ = {
			isa = PBXTargetDependency;
			target = 9666FC631B2A032F005215D4 /* Zooming Icons */;
			targetProxy = 9666FC7E1B2A032F005215D4 /* PBXContainerItemProxy */;
		};
/* End PBXTargetDependency section */

/* Begin PBXVariantGroup section */
		9666FC711B2A032F005215D4 /* Main.storyboard */ = {
			isa = PBXVariantGroup;
			children = (
				9666FC721B2A032F005215D4 /* Base */,
			);
			name = Main.storyboard;
			sourceTree = "<group>";
		};
		9666FC761B2A032F005215D4 /* LaunchScreen.xib */ = {
			isa = PBXVariantGroup;
			children = (
				9666FC771B2A032F005215D4 /* Base */,
			);
			name = LaunchScreen.xib;
			sourceTree = "<group>";
		};
/* End PBXVariantGroup section */

/* Begin XCBuildConfiguration section */
		9666FC851B2A032F005215D4 /* Debug */ = {
			isa = XCBuildConfiguration;
			buildSettings = {
				ALWAYS_SEARCH_USER_PATHS = NO;
				CLANG_CXX_LANGUAGE_STANDARD = "gnu++0x";
				CLANG_CXX_LIBRARY = "libc++";
				CLANG_ENABLE_MODULES = YES;
				CLANG_ENABLE_OBJC_ARC = YES;
				CLANG_WARN_BOOL_CONVERSION = YES;
				CLANG_WARN_CONSTANT_CONVERSION = YES;
				CLANG_WARN_DIRECT_OBJC_ISA_USAGE = YES_ERROR;
				CLANG_WARN_EMPTY_BODY = YES;
				CLANG_WARN_ENUM_CONVERSION = YES;
				CLANG_WARN_INT_CONVERSION = YES;
				CLANG_WARN_OBJC_ROOT_CLASS = YES_ERROR;
				CLANG_WARN_UNREACHABLE_CODE = YES;
				CLANG_WARN__DUPLICATE_METHOD_MATCH = YES;
				"CODE_SIGN_IDENTITY[sdk=iphoneos*]" = "iPhone Developer";
				COPY_PHASE_STRIP = NO;
				DEBUG_INFORMATION_FORMAT = "dwarf-with-dsym";
				ENABLE_STRICT_OBJC_MSGSEND = YES;
				GCC_C_LANGUAGE_STANDARD = gnu99;
				GCC_DYNAMIC_NO_PIC = NO;
				GCC_NO_COMMON_BLOCKS = YES;
				GCC_OPTIMIZATION_LEVEL = 0;
				GCC_PREPROCESSOR_DEFINITIONS = (
					"DEBUG=1",
					"$(inherited)",
				);
				GCC_SYMBOLS_PRIVATE_EXTERN = NO;
				GCC_WARN_64_TO_32_BIT_CONVERSION = YES;
				GCC_WARN_ABOUT_RETURN_TYPE = YES_ERROR;
				GCC_WARN_UNDECLARED_SELECTOR = YES;
				GCC_WARN_UNINITIALIZED_AUTOS = YES_AGGRESSIVE;
				GCC_WARN_UNUSED_FUNCTION = YES;
				GCC_WARN_UNUSED_VARIABLE = YES;
				IPHONEOS_DEPLOYMENT_TARGET = 8.3;
				MTL_ENABLE_DEBUG_INFO = YES;
				ONLY_ACTIVE_ARCH = YES;
				SDKROOT = iphoneos;
			};
			name = Debug;
		};
		9666FC861B2A032F005215D4 /* Release */ = {
			isa = XCBuildConfiguration;
			buildSettings = {
				ALWAYS_SEARCH_USER_PATHS = NO;
				CLANG_CXX_LANGUAGE_STANDARD = "gnu++0x";
				CLANG_CXX_LIBRARY = "libc++";
				CLANG_ENABLE_MODULES = YES;
				CLANG_ENABLE_OBJC_ARC = YES;
				CLANG_WARN_BOOL_CONVERSION = YES;
				CLANG_WARN_CONSTANT_CONVERSION = YES;
				CLANG_WARN_DIRECT_OBJC_ISA_USAGE = YES_ERROR;
				CLANG_WARN_EMPTY_BODY = YES;
				CLANG_WARN_ENUM_CONVERSION = YES;
				CLANG_WARN_INT_CONVERSION = YES;
				CLANG_WARN_OBJC_ROOT_CLASS = YES_ERROR;
				CLANG_WARN_UNREACHABLE_CODE = YES;
				CLANG_WARN__DUPLICATE_METHOD_MATCH = YES;
				"CODE_SIGN_IDENTITY[sdk=iphoneos*]" = "iPhone Developer";
				COPY_PHASE_STRIP = NO;
				DEBUG_INFORMATION_FORMAT = "dwarf-with-dsym";
				ENABLE_NS_ASSERTIONS = NO;
				ENABLE_STRICT_OBJC_MSGSEND = YES;
				GCC_C_LANGUAGE_STANDARD = gnu99;
				GCC_NO_COMMON_BLOCKS = YES;
				GCC_WARN_64_TO_32_BIT_CONVERSION = YES;
				GCC_WARN_ABOUT_RETURN_TYPE = YES_ERROR;
				GCC_WARN_UNDECLARED_SELECTOR = YES;
				GCC_WARN_UNINITIALIZED_AUTOS = YES_AGGRESSIVE;
				GCC_WARN_UNUSED_FUNCTION = YES;
				GCC_WARN_UNUSED_VARIABLE = YES;
				IPHONEOS_DEPLOYMENT_TARGET = 8.3;
				MTL_ENABLE_DEBUG_INFO = NO;
				SDKROOT = iphoneos;
				VALIDATE_PRODUCT = YES;
			};
			name = Release;
		};
		9666FC881B2A032F005215D4 /* Debug */ = {
			isa = XCBuildConfiguration;
			buildSettings = {
				ASSETCATALOG_COMPILER_APPICON_NAME = AppIcon;
				INFOPLIST_FILE = "Zooming Icons/Info.plist";
				LD_RUNPATH_SEARCH_PATHS = "$(inherited) @executable_path/Frameworks";
				PRODUCT_NAME = "$(TARGET_NAME)";
			};
			name = Debug;
		};
		9666FC891B2A032F005215D4 /* Release */ = {
			isa = XCBuildConfiguration;
			buildSettings = {
				ASSETCATALOG_COMPILER_APPICON_NAME = AppIcon;
				INFOPLIST_FILE = "Zooming Icons/Info.plist";
				LD_RUNPATH_SEARCH_PATHS = "$(inherited) @executable_path/Frameworks";
				PRODUCT_NAME = "$(TARGET_NAME)";
			};
			name = Release;
		};
		9666FC8B1B2A032F005215D4 /* Debug */ = {
			isa = XCBuildConfiguration;
			buildSettings = {
				BUNDLE_LOADER = "$(TEST_HOST)";
				FRAMEWORK_SEARCH_PATHS = (
					"$(SDKROOT)/Developer/Library/Frameworks",
					"$(inherited)",
				);
				GCC_PREPROCESSOR_DEFINITIONS = (
					"DEBUG=1",
					"$(inherited)",
				);
				INFOPLIST_FILE = "Zooming IconsTests/Info.plist";
				LD_RUNPATH_SEARCH_PATHS = "$(inherited) @executable_path/Frameworks @loader_path/Frameworks";
				PRODUCT_NAME = "$(TARGET_NAME)";
				TEST_HOST = "$(BUILT_PRODUCTS_DIR)/Zooming Icons.app/Zooming Icons";
			};
			name = Debug;
		};
		9666FC8C1B2A032F005215D4 /* Release */ = {
			isa = XCBuildConfiguration;
			buildSettings = {
				BUNDLE_LOADER = "$(TEST_HOST)";
				FRAMEWORK_SEARCH_PATHS = (
					"$(SDKROOT)/Developer/Library/Frameworks",
					"$(inherited)",
				);
				INFOPLIST_FILE = "Zooming IconsTests/Info.plist";
				LD_RUNPATH_SEARCH_PATHS = "$(inherited) @executable_path/Frameworks @loader_path/Frameworks";
				PRODUCT_NAME = "$(TARGET_NAME)";
				TEST_HOST = "$(BUILT_PRODUCTS_DIR)/Zooming Icons.app/Zooming Icons";
			};
			name = Release;
		};
/* End XCBuildConfiguration section */

/* Begin XCConfigurationList section */
		9666FC5F1B2A032F005215D4 /* Build configuration list for PBXProject "Zooming Icons" */ = {
			isa = XCConfigurationList;
			buildConfigurations = (
				9666FC851B2A032F005215D4 /* Debug */,
				9666FC861B2A032F005215D4 /* Release */,
			);
			defaultConfigurationIsVisible = 0;
			defaultConfigurationName = Release;
		};
		9666FC871B2A032F005215D4 /* Build configuration list for PBXNativeTarget "Zooming Icons" */ = {
			isa = XCConfigurationList;
			buildConfigurations = (
				9666FC881B2A032F005215D4 /* Debug */,
				9666FC891B2A032F005215D4 /* Release */,
			);
			defaultConfigurationIsVisible = 0;
		};
		9666FC8A1B2A032F005215D4 /* Build configuration list for PBXNativeTarget "Zooming IconsTests" */ = {
			isa = XCConfigurationList;
			buildConfigurations = (
				9666FC8B1B2A032F005215D4 /* Debug */,
				9666FC8C1B2A032F005215D4 /* Release */,
			);
			defaultConfigurationIsVisible = 0;
		};
/* End XCConfigurationList section */
	};
	rootObject = 9666FC5C1B2A032F005215D4 /* Project object */;
}
